github.com/google/go-cmp v0.2.0/go.mod h1:oXzfMopK8JAjlY9xF4vHSVASa0yLyX7SntLO5aqRK0M=
github.com/google/go-cmp v0.3.0/go.mod h1:8QqcDgzrUqlUb/G2PQTWiueGozuR1884gddMywk6iLU=
github.com/google/nftables v0.0.0-20190513121323-b0a2c473e0bc h1:6VvCL5iz0/UKi81by9/sl0NCBsQX3+oHDgUVn/xtxSs=
github.com/google/nftables v0.0.0-20190513121323-b0a2c473e0bc/go.mod h1:H/FvZdk1xWxiE2Ad0wX6mq/oqHvEE1LDDujRgYwi3ns=
github.com/google/nftables v0.0.0-20190517115731-c5bb71b2cfcb h1:RhVwQ7MbfKBhnFZA1CJxoZc4ToOHZ1oSHVQGSruj+NQ=
github.com/google/nftables v0.0.0-20190517115731-c5bb71b2cfcb/go.mod h1:H/FvZdk1xWxiE2Ad0wX6mq/oqHvEE1LDDujRgYwi3ns=
github.com/google/nftables v0.0.0-20190524010057-8cccfeed7c0b h1:3nuHqWFl5ee5ezzV0qKebMfkQ/jzoNYk5dhlaVv2+tE=
github.com/google/nftables v0.0.0-20190524010057-8cccfeed7c0b/go.mod h1:DfTD7lq9Gq5pLrgCmJDbGtrcWF/h7i5XWgEC/6bQu0s=
github.com/google/nftables v0.0.0-20190605111505-8d26daf06058 h1:X3BwH3Vyak984SYQK2ulrM6hMhbxx9eMkYojGUIJH4s=
github.com/google/nftables v0.0.0-20190605111505-8d26daf06058/go.mod h1:DfTD7lq9Gq5pLrgCmJDbGtrcWF/h7i5XWgEC/6bQu0s=
github.com/google/nftables v0.0.0-20190629230632-7a68526274ca h1:gEoiPtO/IjFSGDnHMabQzsjO82vGd0e8MaMh32TNu/M=
github.com/google/nftables v0.0.0-20190629230632-7a68526274ca/go.mod h1:DfTD7lq9Gq5pLrgCmJDbGtrcWF/h7i5XWgEC/6bQu0s=
github.com/jsimonetti/rtnetlink v0.0.0-20190503083013-8a08cb3e375e/go.mod h1:Oz+70psSo5OFh8DBl0Zv2ACw7Esh6pPUphlvZG9x7uw=
github.com/jsimonetti/rtnetlink v0.0.0-20190606172950-9527aa82566a/go.mod h1:Oz+70psSo5OFh8DBl0Zv2ACw7Esh6pPUphlvZG9x7uw=
github.com/koneu/natend v0.0.0-20150829182554-ec0926ea948d h1:MFX8DxRnKMY/2M3H61iSsVbo/n3h0MWGmWNN1UViOU0=
github.com/koneu/natend v0.0.0-20150829182554-ec0926ea948d/go.mod h1:QHb4k4cr1fQikUahfcRVPcEXiUgFsdIstGqlurL0XL4=
github.com/mdlayher/netlink v0.0.0-20190409211403-11939a169225/go.mod h1:eQB3mZE4aiYnlUsyGGCOpPETfdQq4Jhsgf1fk3cwQaA=
github.com/mdlayher/netlink v0.0.0-20190514163018-336c8d74f4a0 h1:93Nlj3OMYLLA6QA6baiIeWW8P8CTlwQFA4pAecq7f/8=
github.com/mdlayher/netlink v0.0.0-20190514163018-336c8d74f4a0/go.mod h1:gOrA34zDL0K3RsACQe54bDYLF/CeFspQ9m5DOycycQ8=
github.com/mdlayher/netlink v0.0.0-20190516121005-0087c778e469 h1:6XwSkpIirmRxmstYmbL5PshChpqazkNfFNJ+Uj1iJlU=
github.com/mdlayher/netlink v0.0.0-20190516121005-0087c778e469/go.mod h1:gOrA34zDL0K3RsACQe54bDYLF/CeFspQ9m5DOycycQ8=
github.com/mdlayher/netlink v0.0.0-20190604230216-e2ebfcb63595 h1:2vQPj9E7Bm1lp/FHym5nIPJmKrkZtE7/pAMHMWgizV4=
github.com/mdlayher/netlink v0.0.0-20190604230216-e2ebfcb63595/go.mod h1:ISujvOTprADlNr00kvJIu0d23q57wk2NSV/PT/TEk4E=
github.com/mdlayher/netlink v0.0.0-20190617153422-f82a9b10b2bc/go.mod h1:ISujvOTprADlNr00kvJIu0d23q57wk2NSV/PT/TEk4E=
github.com/vishvananda/netns v0.0.0-20180720170159-13995c7128cc h1:R83G5ikgLMxrBvLh22JhdfI8K6YXEPHx5P03Uu3DRs4=
github.com/vishvananda/netns v0.0.0-20180720170159-13995c7128cc/go.mod h1:ZjcWmFBXmLKZu9Nxj3WKYEafiSqer2rnvPr0en9UNpI=
github.com/vishvananda/netns v0.0.0-20190625233234-7109fa855b0f/go.mod h1:ZjcWmFBXmLKZu9Nxj3WKYEafiSqer2rnvPr0en9UNpI=
golang.org/x/crypto v0.0.0-20190308221718-c2843e01d9a2/go.mod h1:djNgcEr1/C05ACkg1iLfiJU5Ep61QUkGW8qpdssI0+w=
golang.org/x/crypto v0.0.0-20190513172903-22d7a77e9e5f/go.mod h1:yigFU9vqHzYiE8UmvKecakEJjdnWj3jj499lnFckfCI=
golang.org/x/crypto v0.0.0-20190530122614-20be4c3c3ed5/go.mod h1:yigFU9vqHzYiE8UmvKecakEJjdnWj3jj499lnFckfCI=
golang.org/x/crypto v0.0.0-20190621222207-cc06ce4a13d4/go.mod h1:yigFU9vqHzYiE8UmvKecakEJjdnWj3jj499lnFckfCI=
golang.org/x/net v0.0.0-20190311183353-d8887717615a/go.mod h1:t9HGtf8HONx5eT2rtn7q6eTqICYqUVnKs3thJo3Qplg=
golang.org/x/net v0.0.0-20190404232315-eb5bcb51f2a3/go.mod h1:t9HGtf8HONx5eT2rtn7q6eTqICYqUVnKs3thJo3Qplg=
golang.org/x/net v0.0.0-20190509222800-a4d6f7feada5 h1:6M3SDHlHHDCx2PcQw3S4KsR170vGqDhJDOmpVd4Hjak=
golang.org/x/net v0.0.0-20190509222800-a4d6f7feada5/go.mod h1:t9HGtf8HONx5eT2rtn7q6eTqICYqUVnKs3thJo3Qplg=
golang.org/x/net v0.0.0-20190522155817-f3200d17e092 h1:4QSRKanuywn15aTZvI/mIDEgPQpswuFndXpOj3rKEco=
golang.org/x/net v0.0.0-20190522155817-f3200d17e092/go.mod h1:HSz+uSET+XFnRR8LxR5pz3Of3rY3CfYBVs4xY44aLks=
golang.org/x/net v0.0.0-20190603091049-60506f45cf65 h1:+rhAzEzT3f4JtomfC371qB+0Ola2caSKcY69NUBZrRQ=
golang.org/x/net v0.0.0-20190603091049-60506f45cf65/go.mod h1:HSz+uSET+XFnRR8LxR5pz3Of3rY3CfYBVs4xY44aLks=
golang.org/x/net v0.0.0-20190620200207-3b0461eec859/go.mod h1:z5CRVTTTmAJ677TzLLGU+0bjPO0LkuOLi4/5GtJWs/s=
golang.org/x/net v0.0.0-20190628185345-da137c7871d7 h1:rTIdg5QFRR7XCaK4LCjBiPbx8j4DQRpdYMnGn/bJUEU=
golang.org/x/net v0.0.0-20190628185345-da137c7871d7/go.mod h1:z5CRVTTTmAJ677TzLLGU+0bjPO0LkuOLi4/5GtJWs/s=
golang.org/x/sync v0.0.0-20190423024810-112230192c58/go.mod h1:RxMgew5VJxzue5/jJTE5uejpjVlOe/izrB70Jof72aM=
golang.org/x/sys v0.0.0-20190215142949-d0b11bdaac8a/go.mod h1:STP8DvDyc/dI5b8T5hshtkjS+E42TnysNCUPdjciGhY=
golang.org/x/sys v0.0.0-20190312061237-fead79001313/go.mod h1:h1NjWce9XRLGQEsW7wpKNCjG9DtNlClVuFLEZdDNbEs=
golang.org/x/sys v0.0.0-20190411185658-b44545bcd369/go.mod h1:h1NjWce9XRLGQEsW7wpKNCjG9DtNlClVuFLEZdDNbEs=
golang.org/x/sys v0.0.0-20190412213103-97732733099d/go.mod h1:h1NjWce9XRLGQEsW7wpKNCjG9DtNlClVuFLEZdDNbEs=
golang.org/x/sys v0.0.0-20190509141414-a5b02f93d862/go.mod h1:h1NjWce9XRLGQEsW7wpKNCjG9DtNlClVuFLEZdDNbEs=
golang.org/x/sys v0.0.0-20190515120540-06a5c4944438 h1:khxRGsvPk4n2y8I/mLLjp7e5dMTJmH75wvqS6nMwUtY=
golang.org/x/sys v0.0.0-20190515120540-06a5c4944438/go.mod h1:h1NjWce9XRLGQEsW7wpKNCjG9DtNlClVuFLEZdDNbEs=
golang.org/x/sys v0.0.0-20190523142557-0e01d883c5c5 h1:sM3evRHxE/1RuMe1FYAL3j7C7fUfIjkbE+NiDAYUF8U=
golang.org/x/sys v0.0.0-20190523142557-0e01d883c5c5/go.mod h1:h1NjWce9XRLGQEsW7wpKNCjG9DtNlClVuFLEZdDNbEs=
golang.org/x/sys v0.0.0-20190527104216-9cd6430ef91e h1:Pzdi8HRppinixnWWzN6KSa0QkBM+GKsTJaWwwfJskNw=
golang.org/x/sys v0.0.0-20190527104216-9cd6430ef91e/go.mod h1:h1NjWce9XRLGQEsW7wpKNCjG9DtNlClVuFLEZdDNbEs=
golang.org/x/sys v0.0.0-20190602015325-4c4f7f33c9ed h1:uPxWBzB3+mlnjy9W58qY1j/cjyFjutgw/Vhan2zLy/A=
golang.org/x/sys v0.0.0-20190602015325-4c4f7f33c9ed/go.mod h1:h1NjWce9XRLGQEsW7wpKNCjG9DtNlClVuFLEZdDNbEs=
golang.org/x/sys v0.0.0-20190626221950-04f50cda93cb h1:fgwFCsaw9buMuxNd6+DQfAuSFqbNiQZpcgJQAgJsK6k=
golang.org/x/sys v0.0.0-20190626221950-04f50cda93cb/go.mod h1:h1NjWce9XRLGQEsW7wpKNCjG9DtNlClVuFLEZdDNbEs=
golang.org/x/text v0.3.0/go.mod h1:NqM8EUOU14njkJ3fqMW+pc6Ldnwhi/IjpwHt7yyuwOQ=
golang.org/x/text v0.3.2/go.mod h1:bEr9sfX3Q8Zfm5fL9x+3itogRgK3+ptLWKqgva+5dAk=
golang.org/x/tools v0.0.0-20180917221912-90fa682c2a6e/go.mod h1:n7NCudcB/nEzxVGmLbDWY5pfWTLqBcC2KZ6jyYvM4mQ=
golang.org/x/tools v0.0.0-20190523174634-38d8bcfa38af/go.mod h1:RgjU9mgBXZiqYHBnxXauZ1Gv1EHHAz9KjViQ78xBX0Q=
golang.org/x/tools v0.0.0-20190603231351-8aaa1484dc10/go.mod h1:/rFqwRUd4F7ZHNgwSSTFct+R/Kf4OFW1sUzUTQQTgfc=
golang.org/x/tools v0.0.0-20190628222527-fb37f6ba8261/go.mod h1:jcCCGcm9btYwXyDqrUWc6MKQKKGJCWEQ3AfLSRIbEuI=
